
Microsoft Visual Studio Solution File, Format Version 9.00
# Visual Studio 2005
Project("{FAE04EC0-301F-11D3-BF4B-00C04F79EFBC}") = "Notifier", "Notifier\Notifier.csproj", "{13FFDC6E-9922-4213-868C-9F2826BEFC94}"
EndProject
Global
	GlobalSection(SourceCodeControl) = preSolution
		SccNumberOfProjects = 2
		SccLocalPath0 = .
		SccProjectUniqueName1 = Notifier\\Notifier.csproj
		SccLocalPath1 = .
		SccProjectFilePathRelativizedFromConnection1 = Notifier\\
	EndGlobalSection
	GlobalSection(SolutionConfigurationPlatforms) = preSolution
		Debug|Any CPU = Debug|Any CPU
		Release|Any CPU = Release|Any CPU
	EndGlobalSection
	GlobalSection(ProjectConfigurationPlatforms) = postSolution
		{13FFDC6E-9922-4213-868C-9F2826BEFC94}.Debug|Any CPU.ActiveCfg = Debug|Any CPU
		{13FFDC6E-9922-4213-868C-9F2826BEFC94}.Debug|Any CPU.Build.0 = Debug|Any CPU
		{13FFDC6E-9922-4213-868C-9F2826BEFC94}.Release|Any CPU.ActiveCfg = Release|Any CPU
		{13FFDC6E-9922-4213-868C-9F2826BEFC94}.Release|Any CPU.Build.0 = Release|Any CPU
	EndGlobalSection
	GlobalSection(SolutionProperties) = preSolution
		HideSolutionNode = FALSE
	EndGlobalSection
EndGlobal
