
Microsoft Visual Studio Solution File, Format Version 9.00
# Visual Studio 2005
Project("{FAE04EC0-301F-11D3-BF4B-00C04F79EFBC}") = "Notifier", "Notifier\Notifier.csproj", "{13FFDC6E-9922-4213-868C-9F2826BEFC94}"
EndProject
Project("{54435603-DBB4-11D2-8724-00A0C9A8B90C}") = "Notifier.Setup", "Notifier.Setup\Notifier.Setup.vdproj", "{644F401A-7404-4CD5-985A-D741AE5FE262}"
EndProject
Global
	GlobalSection(SourceCodeControl) = preSolution
		SccNumberOfProjects = 3
		SccLocalPath0 = .
		SccProjectUniqueName1 = Notifier\\Notifier.csproj
		SccLocalPath1 = .
		SccProjectFilePathRelativizedFromConnection1 = Notifier\\
		SccProjectUniqueName2 = Notifier.Setup\\Notifier.Setup.vdproj
		SccLocalPath2 = .
		SccProjectFilePathRelativizedFromConnection2 = Notifier.Setup\\
	EndGlobalSection
	GlobalSection(SolutionConfigurationPlatforms) = preSolution
		Debug|Any CPU = Debug|Any CPU
		Release|Any CPU = Release|Any CPU
	EndGlobalSection
	GlobalSection(ProjectConfigurationPlatforms) = postSolution
		{13FFDC6E-9922-4213-868C-9F2826BEFC94}.Debug|Any CPU.ActiveCfg = Debug|Any CPU
		{13FFDC6E-9922-4213-868C-9F2826BEFC94}.Debug|Any CPU.Build.0 = Debug|Any CPU
		{13FFDC6E-9922-4213-868C-9F2826BEFC94}.Release|Any CPU.ActiveCfg = Release|Any CPU
		{13FFDC6E-9922-4213-868C-9F2826BEFC94}.Release|Any CPU.Build.0 = Release|Any CPU
		{644F401A-7404-4CD5-985A-D741AE5FE262}.Debug|Any CPU.ActiveCfg = Debug
		{644F401A-7404-4CD5-985A-D741AE5FE262}.Release|Any CPU.ActiveCfg = Release
	EndGlobalSection
	GlobalSection(SolutionProperties) = preSolution
		HideSolutionNode = FALSE
	EndGlobalSection
EndGlobal
